
Microsoft Visual Studio Solution File, Format Version 12.00
# Visual Studio Version 17
VisualStudioVersion = 17.11.35327.3
MinimumVisualStudioVersion = 10.0.40219.1
Project("{FAE04EC0-301F-11D3-BF4B-00C04F79EFBC}") = "Certs.Generator", "src\Certs.Generator\Certs.Generator.csproj", "{F4C59051-8C2A-46FD-A86B-16EA55702AD8}"
EndProject
Global
	GlobalSection(SolutionConfigurationPlatforms) = preSolution
		Debug|Any CPU = Debug|Any CPU
		Release|Any CPU = Release|Any CPU
	EndGlobalSection
	GlobalSection(ProjectConfigurationPlatforms) = postSolution
		{F4C59051-8C2A-46FD-A86B-16EA55702AD8}.Debug|Any CPU.ActiveCfg = Debug|Any CPU
		{F4C59051-8C2A-46FD-A86B-16EA55702AD8}.Debug|Any CPU.Build.0 = Debug|Any CPU
		{F4C59051-8C2A-46FD-A86B-16EA55702AD8}.Release|Any CPU.ActiveCfg = Release|Any CPU
		{F4C59051-8C2A-46FD-A86B-16EA55702AD8}.Release|Any CPU.Build.0 = Release|Any CPU
	EndGlobalSection
	GlobalSection(SolutionProperties) = preSolution
		HideSolutionNode = FALSE
	EndGlobalSection
	GlobalSection(ExtensibilityGlobals) = postSolution
		SolutionGuid = {7CE1D950-F289-41AB-A9EF-D001B9644ACB}
	EndGlobalSection
EndGlobal
